{
  "version": 4,
  "terraform_version": "1.5.7",
  "serial": 197,
  "lineage": "884c67df-0e98-348e-f2ee-4b37f6c59a33",
  "outputs": {},
  "resources": [
    {
      "mode": "managed",
      "type": "google_compute_network",
      "name": "my-vpc",
      "provider": "provider[\"registry.terraform.io/hashicorp/google\"]",
      "instances": [
        {
          "schema_version": 0,
          "attributes": {
            "auto_create_subnetworks": false,
            "delete_default_routes_on_create": false,
            "description": "",
            "enable_ula_internal_ipv6": false,
            "gateway_ipv4": "",
            "id": "projects/molten-snowfall-401102/global/networks/vpc-network",
            "internal_ipv6_range": "",
            "mtu": 1460,
            "name": "vpc-network",
            "network_firewall_policy_enforcement_order": "AFTER_CLASSIC_FIREWALL",
            "project": "molten-snowfall-401102",
            "routing_mode": "GLOBAL",
            "self_link": "https://www.googleapis.com/compute/v1/projects/molten-snowfall-401102/global/networks/vpc-network",
            "timeouts": null
          },
          "sensitive_attributes": [],
          "private": "eyJlMmJmYjczMC1lY2FhLTExZTYtOGY4OC0zNDM2M2JjN2M0YzAiOnsiY3JlYXRlIjoxMjAwMDAwMDAwMDAwLCJkZWxldGUiOjEyMDAwMDAwMDAwMDAsInVwZGF0ZSI6MTIwMDAwMDAwMDAwMH19"
        }
      ]
    },
    {
      "mode": "managed",
      "type": "google_compute_subnetwork",
      "name": "workload_subnet",
      "provider": "provider[\"registry.terraform.io/hashicorp/google\"]",
      "instances": [
        {
          "schema_version": 0,
          "attributes": {
            "creation_timestamp": "2023-10-19T19:09:58.162-07:00",
            "description": "workload subnet for GKE",
            "external_ipv6_prefix": "",
            "fingerprint": null,
            "gateway_address": "10.0.2.1",
            "id": "projects/molten-snowfall-401102/regions/us-east1/subnetworks/workload-subnet",
            "internal_ipv6_prefix": "",
            "ip_cidr_range": "10.0.2.0/24",
            "ipv6_access_type": "",
            "ipv6_cidr_range": "",
            "log_config": [],
            "name": "workload-subnet",
            "network": "https://www.googleapis.com/compute/v1/projects/molten-snowfall-401102/global/networks/vpc-network",
            "private_ip_google_access": true,
            "private_ipv6_google_access": "DISABLE_GOOGLE_ACCESS",
            "project": "molten-snowfall-401102",
            "purpose": "PRIVATE",
            "region": "us-east1",
            "role": "",
            "secondary_ip_range": [
              {
                "ip_cidr_range": "10.64.0.0/20",
                "range_name": "gke-my-gke-cluster-services-6aede979"
              },
              {
                "ip_cidr_range": "10.60.0.0/14",
                "range_name": "gke-my-gke-cluster-pods-6aede979"
              }
            ],
            "self_link": "https://www.googleapis.com/compute/v1/projects/molten-snowfall-401102/regions/us-east1/subnetworks/workload-subnet",
            "stack_type": "IPV4_ONLY",
            "timeouts": null
          },
          "sensitive_attributes": [],
          "private": "eyJlMmJmYjczMC1lY2FhLTExZTYtOGY4OC0zNDM2M2JjN2M0YzAiOnsiY3JlYXRlIjoxMjAwMDAwMDAwMDAwLCJkZWxldGUiOjEyMDAwMDAwMDAwMDAsInVwZGF0ZSI6MTIwMDAwMDAwMDAwMH19",
          "dependencies": [
            "google_compute_network.my-vpc"
          ]
        }
      ]
    },
    {
      "mode": "managed",
      "type": "google_container_cluster",
      "name": "primary",
      "provider": "provider[\"registry.terraform.io/hashicorp/google\"]",
      "instances": [
        {
          "status": "tainted",
          "schema_version": 2,
          "attributes": {
            "addons_config": [
              {
                "cloudrun_config": [],
                "config_connector_config": [],
                "dns_cache_config": [],
                "gce_persistent_disk_csi_driver_config": [
                  {
                    "enabled": true
                  }
                ],
                "gcp_filestore_csi_driver_config": [],
                "gcs_fuse_csi_driver_config": [],
                "gke_backup_agent_config": [],
                "horizontal_pod_autoscaling": [],
                "http_load_balancing": [],
                "network_policy_config": [
                  {
                    "disabled": true
                  }
                ]
              }
            ],
            "allow_net_admin": null,
            "authenticator_groups_config": [],
            "binary_authorization": [
              {
                "enabled": false,
                "evaluation_mode": ""
              }
            ],
            "cluster_autoscaling": [
              {
                "auto_provisioning_defaults": [],
                "enabled": false,
                "resource_limits": []
              }
            ],
            "cluster_ipv4_cidr": "10.60.0.0/14",
            "confidential_nodes": [],
            "cost_management_config": [],
            "database_encryption": [
              {
                "key_name": "",
                "state": "DECRYPTED"
              }
            ],
            "datapath_provider": "",
            "default_max_pods_per_node": 110,
            "default_snat_status": [
              {
                "disabled": false
              }
            ],
            "deletion_protection": true,
            "description": "",
            "dns_config": [],
            "enable_autopilot": false,
            "enable_intranode_visibility": false,
            "enable_k8s_beta_apis": [],
            "enable_kubernetes_alpha": false,
            "enable_l4_ilb_subsetting": false,
            "enable_legacy_abac": false,
            "enable_shielded_nodes": true,
            "enable_tpu": false,
            "endpoint": "35.231.209.206",
            "gateway_api_config": [],
            "id": "projects/molten-snowfall-401102/locations/us-east1/clusters/my-gke-cluster",
            "initial_node_count": 1,
            "ip_allocation_policy": [
              {
                "additional_pod_ranges_config": [],
                "cluster_ipv4_cidr_block": "10.60.0.0/14",
                "cluster_secondary_range_name": "gke-my-gke-cluster-pods-6aede979",
                "pod_cidr_overprovision_config": [
                  {
                    "disabled": false
                  }
                ],
                "services_ipv4_cidr_block": "10.64.0.0/20",
                "services_secondary_range_name": "gke-my-gke-cluster-services-6aede979",
                "stack_type": "IPV4"
              }
            ],
            "label_fingerprint": "a9dc16a7",
            "location": "us-east1",
            "logging_config": [
              {
                "enable_components": [
                  "SYSTEM_COMPONENTS",
                  "WORKLOADS"
                ]
              }
            ],
            "logging_service": "logging.googleapis.com/kubernetes",
            "maintenance_policy": [],
            "master_auth": [
              {
                "client_certificate": "",
                "client_certificate_config": [
                  {
                    "issue_client_certificate": false
                  }
                ],
                "client_key": "",
                "cluster_ca_certificate": "LS0tLS1CRUdJTiBDRVJUSUZJQ0FURS0tLS0tCk1JSUVMVENDQXBXZ0F3SUJBZ0lSQUpscEVOaHdOUk9WeENNNEVrNDJKenN3RFFZSktvWklodmNOQVFFTEJRQXcKTHpFdE1Dc0dBMVVFQXhNa1lqUmxaVFE0WWpZdFpETmlZaTAwTVdJd0xUa3hZbUV0TWpRMllqVm1OakZsWmpRegpNQ0FYRFRJek1UQXlNREF4TVRBeE1sb1lEekl3TlRNeE1ERXlNREl4TURFeVdqQXZNUzB3S3dZRFZRUURFeVJpCk5HVmxORGhpTmkxa00ySmlMVFF4WWpBdE9URmlZUzB5TkRaaU5XWTJNV1ZtTkRNd2dnR2lNQTBHQ1NxR1NJYjMKRFFFQkFRVUFBNElCandBd2dnR0tBb0lCZ1FDOXdqci9xeEFFb3BhVG5KZTY0VkZuYlNoQWc4UTl1SEYyd0UxRgpLSU53anBPOW01NnRvQ3RZTlRHcDhVcmZvWm1IU2xHNGd2VVRQc3R4RUhMZDNWV3VlTmRmMXZpbWRESXpTYnRqClB5U2RJVytnNENxMFd3V0ZVb3NwV1p2WWRJYkRQMEtBL2JQZlM4WFZSdDNDakJlWVpYV3pXOUV2TVBkRTV0TlAKUG1HM0Q3Szc1YlhIZUxrWm1nNU8wZEY5MlpUOVVDU0lFdFZjVHNhNjRiNlVoa21PdFFzeGRxSXpYMzFTUGZsTgpYeWk5NWZwOXlGRHExdElPS2JwdGpUbUhLc05jSHVueUFocWlYeldXd3ZJZ2prSmZTZ1BYUStvcUpaL0VRVFRqCmt1a2RoM2NkRFptVVNpcmF1d3AwYUQ4Qk5MTHZRNkZEY1RjVy9MSW9XU3ZmNUc0VGJGOUppeER2cERpTXNPY1kKNGlFZytIN0R2bEoxUlEybHVZaHByWE5uNHZ1aEpBTVF6OVA5dksxU3FCRFU0NnAxVzdEM3ovREc2SjExUFM0MQo3RHZoSlFnQjJPVEV4c2taNG8zaTJwdFdqMlZyYmh0Z0ZESUNTU3Q4MGRkdzBSL0k5djY3Y0taTHR2ek5icWJoCmlTajNaQzZ4Mi9qcEdJWThLOE1oYmJPeE5YOENBd0VBQWFOQ01FQXdEZ1lEVlIwUEFRSC9CQVFEQWdJRU1BOEcKQTFVZEV3RUIvd1FGTUFNQkFmOHdIUVlEVlIwT0JCWUVGQjIwdFQvMC9QMFlkZVNQQ01mSWc2ZHFyTGowTUEwRwpDU3FHU0liM0RRRUJDd1VBQTRJQmdRQXMyMmJWM2xSYXhLcXh6RTZKUkdrVE0xc0pTMUdzNGQ4ejRCNHlvNmNmCk42dlVyVVRzcWVNN1FjWlNCKzNNRVJ6YmtTQWNBVHdISmdIWlRSTWpMekJ2N3AzSVRVNlh0NVhWWERXK3ZlZSsKeW12TGZYZkROOGdKcGwzbjI4akpPWHlmQjNlSjdnUE9vcVdYVHdtOEdUZk9MU0hHSDV6Z3VkZVZ4NW4wZ05tSQpkSDlNZGdub2dmNUFwTWNVbmZVQVVZRnpBMTl0Wlo1cy8ycVNKRmFHeExGUk5yUkNHNC8rblNWSGVEUnNDNENuCnJVRXVReVNGRTBXUlhNSHltcEMzSTcyWUYvNWdZWnlJcU5oVjREMFBTVnZOektOM01lVUlQcWQwRFZ5dkJ1WHMKQk5FKzc4Mk5waXlXYXdDeFBXZy9rSlpnSGtmMVBQc2ZZdmRoaHlnZHZkaFhkUHdhSjh2N29TZUwrdE9kZVowMQpNR0w3TlZwbXZGYS9paSt6S3orSjE1clRNVU9KOVV6WHVSYmNOS1FoQkZWWEZrSEVuWFR1aHAwMmVDYXlCMGh5ClhNWWhlT1B5ck9IUlhuNTl6MUJEam5mOG92Z3NEeFRhbVdwdi9sai9rYnZSS0Q4RG1YeUFuNGsxUGU0RWNtZDUKa2VjM3I3bHNiRXFGR1hhb0pDUnByY0U9Ci0tLS0tRU5EIENFUlRJRklDQVRFLS0tLS0K"
              }
            ],
            "master_authorized_networks_config": [],
            "master_version": "1.27.3-gke.100",
            "mesh_certificates": [],
            "min_master_version": null,
            "monitoring_config": [
              {
                "advanced_datapath_observability_config": [
                  {
                    "enable_metrics": false,
                    "relay_mode": "DISABLED"
                  }
                ],
                "enable_components": [
                  "SYSTEM_COMPONENTS"
                ],
                "managed_prometheus": [
                  {
                    "enabled": true
                  }
                ]
              }
            ],
            "monitoring_service": "monitoring.googleapis.com/kubernetes",
            "name": "my-gke-cluster",
            "network": "projects/molten-snowfall-401102/global/networks/vpc-network",
            "network_policy": [
              {
                "enabled": false,
                "provider": "PROVIDER_UNSPECIFIED"
              }
            ],
            "networking_mode": "VPC_NATIVE",
            "node_config": [
              {
                "advanced_machine_features": [],
                "boot_disk_kms_key": "",
                "confidential_nodes": [],
                "disk_size_gb": 100,
                "disk_type": "pd-balanced",
                "effective_taints": [],
                "ephemeral_storage_local_ssd_config": [],
                "fast_socket": [],
                "gcfs_config": [],
                "guest_accelerator": [],
                "gvnic": [],
                "host_maintenance_policy": [],
                "image_type": "COS_CONTAINERD",
                "kubelet_config": [],
                "labels": {},
                "linux_node_config": [],
                "local_nvme_ssd_block_config": [],
                "local_ssd_count": 0,
                "logging_variant": "DEFAULT",
                "machine_type": "e2-medium",
                "metadata": {
                  "disable-legacy-endpoints": "true"
                },
                "min_cpu_platform": "",
                "node_group": "",
                "oauth_scopes": [
                  "https://www.googleapis.com/auth/devstorage.read_only",
                  "https://www.googleapis.com/auth/logging.write",
                  "https://www.googleapis.com/auth/monitoring",
                  "https://www.googleapis.com/auth/service.management.readonly",
                  "https://www.googleapis.com/auth/servicecontrol",
                  "https://www.googleapis.com/auth/trace.append"
                ],
                "preemptible": false,
                "reservation_affinity": [],
                "resource_labels": {},
                "service_account": "default",
                "shielded_instance_config": [
                  {
                    "enable_integrity_monitoring": true,
                    "enable_secure_boot": false
                  }
                ],
                "sole_tenant_config": [],
                "spot": false,
                "tags": [],
                "taint": [],
                "workload_metadata_config": []
              }
            ],
            "node_locations": [
              "us-east1-b",
              "us-east1-c",
              "us-east1-d"
            ],
            "node_pool": [
              {
                "autoscaling": [],
                "initial_node_count": 1,
                "instance_group_urls": [
                  "https://www.googleapis.com/compute/v1/projects/molten-snowfall-401102/zones/us-east1-d/instanceGroupManagers/gke-my-gke-cluster-default-pool-b1b4d9a1-grp",
                  "https://www.googleapis.com/compute/v1/projects/molten-snowfall-401102/zones/us-east1-b/instanceGroupManagers/gke-my-gke-cluster-default-pool-150127c1-grp",
                  "https://www.googleapis.com/compute/v1/projects/molten-snowfall-401102/zones/us-east1-c/instanceGroupManagers/gke-my-gke-cluster-default-pool-8d477e4e-grp"
                ],
                "managed_instance_group_urls": [
                  "https://www.googleapis.com/compute/v1/projects/molten-snowfall-401102/zones/us-east1-d/instanceGroups/gke-my-gke-cluster-default-pool-b1b4d9a1-grp",
                  "https://www.googleapis.com/compute/v1/projects/molten-snowfall-401102/zones/us-east1-b/instanceGroups/gke-my-gke-cluster-default-pool-150127c1-grp",
                  "https://www.googleapis.com/compute/v1/projects/molten-snowfall-401102/zones/us-east1-c/instanceGroups/gke-my-gke-cluster-default-pool-8d477e4e-grp"
                ],
                "management": [
                  {
                    "auto_repair": true,
                    "auto_upgrade": true
                  }
                ],
                "max_pods_per_node": 110,
                "name": "default-pool",
                "name_prefix": "",
                "network_config": [
                  {
                    "create_pod_range": false,
                    "enable_private_nodes": false,
                    "pod_cidr_overprovision_config": [],
                    "pod_ipv4_cidr_block": "10.60.0.0/14",
                    "pod_range": "gke-my-gke-cluster-pods-6aede979"
                  }
                ],
                "node_config": [
                  {
                    "advanced_machine_features": [],
                    "boot_disk_kms_key": "",
                    "confidential_nodes": [],
                    "disk_size_gb": 100,
                    "disk_type": "pd-balanced",
                    "effective_taints": [],
                    "ephemeral_storage_local_ssd_config": [],
                    "fast_socket": [],
                    "gcfs_config": [],
                    "guest_accelerator": [],
                    "gvnic": [],
                    "host_maintenance_policy": [],
                    "image_type": "COS_CONTAINERD",
                    "kubelet_config": [],
                    "labels": {},
                    "linux_node_config": [],
                    "local_nvme_ssd_block_config": [],
                    "local_ssd_count": 0,
                    "logging_variant": "DEFAULT",
                    "machine_type": "e2-medium",
                    "metadata": {
                      "disable-legacy-endpoints": "true"
                    },
                    "min_cpu_platform": "",
                    "node_group": "",
                    "oauth_scopes": [
                      "https://www.googleapis.com/auth/devstorage.read_only",
                      "https://www.googleapis.com/auth/logging.write",
                      "https://www.googleapis.com/auth/monitoring",
                      "https://www.googleapis.com/auth/service.management.readonly",
                      "https://www.googleapis.com/auth/servicecontrol",
                      "https://www.googleapis.com/auth/trace.append"
                    ],
                    "preemptible": false,
                    "reservation_affinity": [],
                    "resource_labels": {},
                    "service_account": "default",
                    "shielded_instance_config": [
                      {
                        "enable_integrity_monitoring": true,
                        "enable_secure_boot": false
                      }
                    ],
                    "sole_tenant_config": [],
                    "spot": false,
                    "tags": [],
                    "taint": [],
                    "workload_metadata_config": []
                  }
                ],
                "node_count": 1,
                "node_locations": [
                  "us-east1-b",
                  "us-east1-c",
                  "us-east1-d"
                ],
                "placement_policy": [],
                "upgrade_settings": [
                  {
                    "blue_green_settings": [],
                    "max_surge": 1,
                    "max_unavailable": 0,
                    "strategy": "SURGE"
                  }
                ],
                "version": "1.27.3-gke.100"
              }
            ],
            "node_pool_auto_config": [],
            "node_pool_defaults": [
              {
                "node_config_defaults": [
                  {
                    "logging_variant": "DEFAULT"
                  }
                ]
              }
            ],
            "node_version": "1.27.3-gke.100",
            "notification_config": [
              {
                "pubsub": [
                  {
                    "enabled": false,
                    "filter": [],
                    "topic": ""
                  }
                ]
              }
            ],
            "operation": null,
            "private_cluster_config": [
              {
                "enable_private_endpoint": false,
                "enable_private_nodes": true,
                "master_global_access_config": [
                  {
                    "enabled": false
                  }
                ],
                "master_ipv4_cidr_block": "172.16.0.0/28",
                "peering_name": "gke-n0f3ff89a7f0338c5617-a90a-a7f2-peer",
                "private_endpoint": "172.16.0.2",
                "private_endpoint_subnetwork": "",
                "public_endpoint": "35.231.209.206"
              }
            ],
            "private_ipv6_google_access": "",
            "project": "molten-snowfall-401102",
            "release_channel": [
              {
                "channel": "REGULAR"
              }
            ],
            "remove_default_node_pool": true,
            "resource_labels": {},
            "resource_usage_export_config": [],
            "security_posture_config": [
              {
                "mode": "BASIC",
                "vulnerability_mode": "VULNERABILITY_MODE_UNSPECIFIED"
              }
            ],
            "self_link": "https://container.googleapis.com/v1/projects/molten-snowfall-401102/locations/us-east1/clusters/my-gke-cluster",
            "service_external_ips_config": [
              {
                "enabled": false
              }
            ],
            "services_ipv4_cidr": "10.64.0.0/20",
            "subnetwork": "projects/molten-snowfall-401102/regions/us-east1/subnetworks/workload-subnet",
            "timeouts": null,
            "tpu_ipv4_cidr_block": "",
            "vertical_pod_autoscaling": [],
            "workload_identity_config": []
          },
          "sensitive_attributes": [],
          "private": "eyJlMmJmYjczMC1lY2FhLTExZTYtOGY4OC0zNDM2M2JjN2M0YzAiOnsiY3JlYXRlIjoyNDAwMDAwMDAwMDAwLCJkZWxldGUiOjI0MDAwMDAwMDAwMDAsInJlYWQiOjI0MDAwMDAwMDAwMDAsInVwZGF0ZSI6MzYwMDAwMDAwMDAwMH0sInNjaGVtYV92ZXJzaW9uIjoiMiJ9",
          "dependencies": [
            "google_compute_network.my-vpc",
            "google_compute_subnetwork.workload_subnet"
          ]
        }
      ]
    }
  ],
  "check_results": null
}
