{
  "version": 4,
  "terraform_version": "1.5.7",
  "serial": 217,
  "lineage": "884c67df-0e98-348e-f2ee-4b37f6c59a33",
  "outputs": {},
  "resources": [
    {
      "mode": "managed",
      "type": "google_artifact_registry_repository",
      "name": "my-repo",
      "provider": "provider[\"registry.terraform.io/hashicorp/google\"]",
      "instances": [
        {
          "schema_version": 0,
          "attributes": {
            "create_time": "2023-10-21T06:00:17.724609Z",
            "description": "docker repository",
            "docker_config": [],
            "effective_labels": {},
            "format": "DOCKER",
            "id": "projects/molten-snowfall-401102/locations/us-east1/repositories/my-repository",
            "kms_key_name": "",
            "labels": null,
            "location": "us-east1",
            "maven_config": [],
            "mode": "STANDARD_REPOSITORY",
            "name": "my-repository",
            "project": "molten-snowfall-401102",
            "remote_repository_config": [],
            "repository_id": "my-repository",
            "terraform_labels": {},
            "timeouts": null,
            "update_time": "2023-10-21T06:00:17.724609Z",
            "virtual_repository_config": []
          },
          "sensitive_attributes": [],
          "private": "eyJlMmJmYjczMC1lY2FhLTExZTYtOGY4OC0zNDM2M2JjN2M0YzAiOnsiY3JlYXRlIjoxMjAwMDAwMDAwMDAwLCJkZWxldGUiOjEyMDAwMDAwMDAwMDAsInVwZGF0ZSI6MTIwMDAwMDAwMDAwMH19"
        }
      ]
    },
    {
      "mode": "managed",
      "type": "google_compute_instance",
      "name": "vm",
      "provider": "provider[\"registry.terraform.io/hashicorp/google\"]",
      "instances": [
        {
          "schema_version": 6,
          "attributes": {
            "advanced_machine_features": [],
            "allow_stopping_for_update": null,
            "attached_disk": [],
            "boot_disk": [
              {
                "auto_delete": true,
                "device_name": "persistent-disk-0",
                "disk_encryption_key_raw": "",
                "disk_encryption_key_sha256": "",
                "initialize_params": [
                  {
                    "image": "https://www.googleapis.com/compute/v1/projects/debian-cloud/global/images/debian-11-bullseye-v20231010",
                    "labels": {},
                    "resource_manager_tags": null,
                    "size": 10,
                    "type": "pd-standard"
                  }
                ],
                "kms_key_self_link": "",
                "mode": "READ_WRITE",
                "source": "https://www.googleapis.com/compute/v1/projects/molten-snowfall-401102/zones/us-east1-b/disks/managment-mv"
              }
            ],
            "can_ip_forward": false,
            "confidential_instance_config": [],
            "cpu_platform": "Intel Broadwell",
            "current_status": "RUNNING",
            "deletion_protection": false,
            "description": "",
            "desired_status": null,
            "effective_labels": {},
            "enable_display": false,
            "guest_accelerator": [],
            "hostname": "",
            "id": "projects/molten-snowfall-401102/zones/us-east1-b/instances/managment-mv",
            "instance_id": "5164232189816002555",
            "label_fingerprint": "42WmSpB8rSM=",
            "labels": null,
            "machine_type": "e2-micro",
            "metadata": null,
            "metadata_fingerprint": "wEqZlw2e7kU=",
            "metadata_startup_script": null,
            "min_cpu_platform": "",
            "name": "managment-mv",
            "network_interface": [
              {
                "access_config": [],
                "alias_ip_range": [],
                "internal_ipv6_prefix_length": 0,
                "ipv6_access_config": [],
                "ipv6_access_type": "",
                "ipv6_address": "",
                "name": "nic0",
                "network": "https://www.googleapis.com/compute/v1/projects/molten-snowfall-401102/global/networks/vpc-network",
                "network_ip": "10.0.1.2",
                "nic_type": "",
                "queue_count": 0,
                "stack_type": "IPV4_ONLY",
                "subnetwork": "https://www.googleapis.com/compute/v1/projects/molten-snowfall-401102/regions/us-east1/subnetworks/managment-subnet",
                "subnetwork_project": "molten-snowfall-401102"
              }
            ],
            "network_performance_config": [],
            "params": [],
            "project": "molten-snowfall-401102",
            "reservation_affinity": [],
            "resource_policies": null,
            "scheduling": [
              {
                "automatic_restart": true,
                "instance_termination_action": "",
                "local_ssd_recovery_timeout": [],
                "min_node_cpus": 0,
                "node_affinities": [],
                "on_host_maintenance": "MIGRATE",
                "preemptible": false,
                "provisioning_model": "STANDARD"
              }
            ],
            "scratch_disk": [],
            "self_link": "https://www.googleapis.com/compute/v1/projects/molten-snowfall-401102/zones/us-east1-b/instances/managment-mv",
            "service_account": [
              {
                "email": "artifact-registry@molten-snowfall-401102.iam.gserviceaccount.com",
                "scopes": [
                  "https://www.googleapis.com/auth/cloud-platform"
                ]
              }
            ],
            "shielded_instance_config": [
              {
                "enable_integrity_monitoring": true,
                "enable_secure_boot": false,
                "enable_vtpm": true
              }
            ],
            "tags": [
              "private-vm"
            ],
            "tags_fingerprint": "t0YCq7AySBA=",
            "terraform_labels": {},
            "timeouts": null,
            "zone": "us-east1-b"
          },
          "sensitive_attributes": [],
          "private": "eyJlMmJmYjczMC1lY2FhLTExZTYtOGY4OC0zNDM2M2JjN2M0YzAiOnsiY3JlYXRlIjoxMjAwMDAwMDAwMDAwLCJkZWxldGUiOjEyMDAwMDAwMDAwMDAsInVwZGF0ZSI6MTIwMDAwMDAwMDAwMH0sInNjaGVtYV92ZXJzaW9uIjoiNiJ9",
          "dependencies": [
            "module.network.google_compute_network.my-vpc",
            "module.network.google_compute_subnetwork.managment_subnet",
            "module.serviceaccount.google_service_account.gke_artifact_sa"
          ]
        }
      ]
    },
    {
      "module": "module.gke",
      "mode": "managed",
      "type": "google_container_cluster",
      "name": "primary",
      "provider": "provider[\"registry.terraform.io/hashicorp/google\"]",
      "instances": [
        {
          "schema_version": 2,
          "attributes": {
            "addons_config": [
              {
                "cloudrun_config": [],
                "config_connector_config": [],
                "dns_cache_config": [],
                "gce_persistent_disk_csi_driver_config": [
                  {
                    "enabled": true
                  }
                ],
                "gcp_filestore_csi_driver_config": [],
                "gcs_fuse_csi_driver_config": [],
                "gke_backup_agent_config": [],
                "horizontal_pod_autoscaling": [],
                "http_load_balancing": [],
                "network_policy_config": [
                  {
                    "disabled": true
                  }
                ]
              }
            ],
            "allow_net_admin": null,
            "authenticator_groups_config": [],
            "binary_authorization": [
              {
                "enabled": false,
                "evaluation_mode": ""
              }
            ],
            "cluster_autoscaling": [
              {
                "auto_provisioning_defaults": [],
                "enabled": false,
                "resource_limits": []
              }
            ],
            "cluster_ipv4_cidr": "10.60.0.0/14",
            "confidential_nodes": [],
            "cost_management_config": [],
            "database_encryption": [
              {
                "key_name": "",
                "state": "DECRYPTED"
              }
            ],
            "datapath_provider": "",
            "default_max_pods_per_node": 110,
            "default_snat_status": [
              {
                "disabled": false
              }
            ],
            "deletion_protection": false,
            "description": "",
            "dns_config": [],
            "enable_autopilot": false,
            "enable_intranode_visibility": false,
            "enable_k8s_beta_apis": [],
            "enable_kubernetes_alpha": false,
            "enable_l4_ilb_subsetting": false,
            "enable_legacy_abac": false,
            "enable_shielded_nodes": true,
            "enable_tpu": false,
            "endpoint": "34.139.87.164",
            "gateway_api_config": [],
            "id": "projects/molten-snowfall-401102/locations/us-east1/clusters/my-gke-cluster",
            "initial_node_count": 1,
            "ip_allocation_policy": [
              {
                "additional_pod_ranges_config": [],
                "cluster_ipv4_cidr_block": "10.60.0.0/14",
                "cluster_secondary_range_name": "gke-my-gke-cluster-pods-fd0443df",
                "pod_cidr_overprovision_config": [
                  {
                    "disabled": false
                  }
                ],
                "services_ipv4_cidr_block": "10.64.0.0/20",
                "services_secondary_range_name": "gke-my-gke-cluster-services-fd0443df",
                "stack_type": "IPV4"
              }
            ],
            "label_fingerprint": "a9dc16a7",
            "location": "us-east1",
            "logging_config": [
              {
                "enable_components": [
                  "SYSTEM_COMPONENTS",
                  "WORKLOADS"
                ]
              }
            ],
            "logging_service": "logging.googleapis.com/kubernetes",
            "maintenance_policy": [],
            "master_auth": [
              {
                "client_certificate": "",
                "client_certificate_config": [
                  {
                    "issue_client_certificate": false
                  }
                ],
                "client_key": "",
                "cluster_ca_certificate": "LS0tLS1CRUdJTiBDRVJUSUZJQ0FURS0tLS0tCk1JSUVMRENDQXBTZ0F3SUJBZ0lRZjRSeVpjN3lUYXVxYlNMcmNWU2hrakFOQmdrcWhraUc5dzBCQVFzRkFEQXYKTVMwd0t3WURWUVFERXlSak5HRTROekE1TUMweE1UQTBMVFJtWWprdE9EQmpOaTAyTURVMU1qVTVNbUkyTkdJdwpJQmNOTWpNeE1ESXhNRFV3TURVeldoZ1BNakExTXpFd01UTXdOakF3TlROYU1DOHhMVEFyQmdOVkJBTVRKR00wCllUZzNNRGt3TFRFeE1EUXROR1ppT1MwNE1HTTJMVFl3TlRVeU5Ua3lZalkwWWpDQ0FhSXdEUVlKS29aSWh2Y04KQVFFQkJRQURnZ0dQQURDQ0FZb0NnZ0dCQUxXUjI0SXdOeGpNbjZTZDlOcWtuaTVrZVJ4clpIeFFsazFjSUxDLwpEaytzWDNJOEhsdmFUdXhkcGdzdE9HelU2a2N5eGJnRklDQzN2SHBCdGd6Y1IyN2hKTkFodW5XRXovQkRKaGNVCkFzOHR4enBUa29XM2owQlMyT2QvNXZOcTIzU1FyKzBIZ1FLRGlld1hlWnYyUUVuRTBHY0IzMWg4Sm9zOTk0WDUKY0dEai9wZW8rbDlWeGVVZDN2ZW5kL1RxblZuUE4reTJ6MDIrNEp2SFFvZnlBUDlTZU9DRXc5ZjRoNTJ3TlJtcgpxV0RycExSQzRUaWhhNys4cTkrZ2lCdjhxc3JNUEt1WFZUVWFva3owemVaQThKSUFlRnc5ZFBNbjZaRzJQaFgzCjZpUTk2OGVnYVlBNEFveUkwcis5M1pDWmpiekNORExTZDNQeVJJT0tzZHRmd3dFTU1kZ3lCMDFwWmlFNllDdTAKdDVySnZ6UittMnNxbzR0VldsV1FobnpUR2E2ZkZWRWVhVTJyS2p0QVkwYWRuSGJXeVM1NjJJNkcrNFd3MEdJaApCUktjb1pNdWZQWWd3WDN0bnFqMGhxMGdDNGFmNDcxbTFJN0w5bTJ4RHprV2toZWZ6WkRZOFNZaFJpeWlGZUQ2CnVVaXBhYXFpVGc5OHczd1d5bkNPU0NrUUV3SURBUUFCbzBJd1FEQU9CZ05WSFE4QkFmOEVCQU1DQWdRd0R3WUQKVlIwVEFRSC9CQVV3QXdFQi96QWRCZ05WSFE0RUZnUVVXcVlkYWNMUGFOU2Z1blY1ejk1R3pIWDRVQWt3RFFZSgpLb1pJaHZjTkFRRUxCUUFEZ2dHQkFMU1FubzZEK3VoNGkzc2JVc2I2L3VKVlFZRkNFZGd1MWt6NUQ3VWJvQ2NiClY5bTIveWhMS2d1S2hWSHByazV2K1d0TWlXMm8rOTgxTXJyWVhTTjlSOEhpdDBjNzcxVlJtb3I5aHpIY0xRWXAKV3BSTXltQm5wTndjOEd5NEh0Z3NtMmhGTjVzbkluYlpiTTY4RHBKc2JQRnZSYUgzdUc0NFRMampETlAvTmpKNworZ0g2d2JHMk43bm1UUWlOUzRqekhDakRhRUhsdGhucWoveU1NOXpHbUExTVV3M3RoK0Y0REdRZ0lmYjV3M3AvCm0yM0YrMVRSUXFRdG1sMkdaRnJwSlFsaU9saUNMYWdOb1I2WkJGOHNEckNMR09yRmhBUENnaXkwOW1PRTY4am8KUGVnZjB1dUkrN29QdTNQYTh4TndIVXpVS2VOTFZLU2dRUitIcVE5TEdHOWZLRVVmaWE1ZCtOdldRK0R4SHU0YwpOSVk2RkFjTkpRVDBGQkRhWW9ubjdKVktiTFZNZHhXT1gxRlBMalVaQ3ZuQy9tdHRpc2prcW1Gczh1bFd1dmpCCkp3VUpDYWppUzBMaGlPdmI4cHdwSnhnZmJNZzBBNGlMdzJSR2lkTThhZmFPVnJzSUg2MUdqU0hxNlYwN095ZDkKMVRBNnFJN3JwUzJ3ZVRkTVBIeTQ3UT09Ci0tLS0tRU5EIENFUlRJRklDQVRFLS0tLS0K"
              }
            ],
            "master_authorized_networks_config": [],
            "master_version": "1.27.3-gke.100",
            "mesh_certificates": [],
            "min_master_version": null,
            "monitoring_config": [
              {
                "advanced_datapath_observability_config": [
                  {
                    "enable_metrics": false,
                    "relay_mode": "DISABLED"
                  }
                ],
                "enable_components": [
                  "SYSTEM_COMPONENTS"
                ],
                "managed_prometheus": [
                  {
                    "enabled": true
                  }
                ]
              }
            ],
            "monitoring_service": "monitoring.googleapis.com/kubernetes",
            "name": "my-gke-cluster",
            "network": "projects/molten-snowfall-401102/global/networks/vpc-network",
            "network_policy": [
              {
                "enabled": false,
                "provider": "PROVIDER_UNSPECIFIED"
              }
            ],
            "networking_mode": "VPC_NATIVE",
            "node_config": [],
            "node_locations": [
              "us-east1-b",
              "us-east1-c",
              "us-east1-d"
            ],
            "node_pool": [],
            "node_pool_auto_config": [],
            "node_pool_defaults": [
              {
                "node_config_defaults": [
                  {
                    "logging_variant": "DEFAULT"
                  }
                ]
              }
            ],
            "node_version": "1.27.3-gke.100",
            "notification_config": [
              {
                "pubsub": [
                  {
                    "enabled": false,
                    "filter": [],
                    "topic": ""
                  }
                ]
              }
            ],
            "operation": null,
            "private_cluster_config": [
              {
                "enable_private_endpoint": false,
                "enable_private_nodes": true,
                "master_global_access_config": [
                  {
                    "enabled": false
                  }
                ],
                "master_ipv4_cidr_block": "172.16.0.0/28",
                "peering_name": "gke-n0f3ff89a7f0338c5617-fcf4-e41f-peer",
                "private_endpoint": "172.16.0.2",
                "private_endpoint_subnetwork": "",
                "public_endpoint": "34.139.87.164"
              }
            ],
            "private_ipv6_google_access": "",
            "project": "molten-snowfall-401102",
            "release_channel": [
              {
                "channel": "REGULAR"
              }
            ],
            "remove_default_node_pool": true,
            "resource_labels": null,
            "resource_usage_export_config": [],
            "security_posture_config": [
              {
                "mode": "BASIC",
                "vulnerability_mode": "VULNERABILITY_MODE_UNSPECIFIED"
              }
            ],
            "self_link": "https://container.googleapis.com/v1/projects/molten-snowfall-401102/locations/us-east1/clusters/my-gke-cluster",
            "service_external_ips_config": [
              {
                "enabled": false
              }
            ],
            "services_ipv4_cidr": "10.64.0.0/20",
            "subnetwork": "projects/molten-snowfall-401102/regions/us-east1/subnetworks/workload-subnet",
            "timeouts": null,
            "tpu_ipv4_cidr_block": "",
            "vertical_pod_autoscaling": [],
            "workload_identity_config": []
          },
          "sensitive_attributes": [],
          "private": "eyJlMmJmYjczMC1lY2FhLTExZTYtOGY4OC0zNDM2M2JjN2M0YzAiOnsiY3JlYXRlIjoyNDAwMDAwMDAwMDAwLCJkZWxldGUiOjI0MDAwMDAwMDAwMDAsInJlYWQiOjI0MDAwMDAwMDAwMDAsInVwZGF0ZSI6MzYwMDAwMDAwMDAwMH0sInNjaGVtYV92ZXJzaW9uIjoiMiJ9",
          "dependencies": [
            "module.network.google_compute_network.my-vpc",
            "module.network.google_compute_subnetwork.workload_subnet"
          ]
        }
      ]
    },
    {
      "module": "module.gke",
      "mode": "managed",
      "type": "google_container_node_pool",
      "name": "node_pool",
      "provider": "provider[\"registry.terraform.io/hashicorp/google\"]",
      "instances": [
        {
          "status": "tainted",
          "schema_version": 1,
          "attributes": {
            "autoscaling": [],
            "cluster": "my-gke-cluster",
            "id": "projects/molten-snowfall-401102/locations/us-east1/clusters/my-gke-cluster/nodePools/iti-node-pool",
            "initial_node_count": null,
            "instance_group_urls": null,
            "location": "us-east1",
            "managed_instance_group_urls": null,
            "management": null,
            "max_pods_per_node": 100,
            "name": "iti-node-pool",
            "name_prefix": null,
            "network_config": null,
            "node_config": [
              {
                "advanced_machine_features": [],
                "boot_disk_kms_key": "",
                "confidential_nodes": [],
                "disk_size_gb": 0,
                "disk_type": "",
                "effective_taints": [],
                "ephemeral_storage_local_ssd_config": [],
                "fast_socket": [],
                "gcfs_config": [],
                "guest_accelerator": [],
                "gvnic": [],
                "host_maintenance_policy": [],
                "image_type": "",
                "kubelet_config": [],
                "labels": {},
                "linux_node_config": [],
                "local_nvme_ssd_block_config": [],
                "local_ssd_count": 0,
                "logging_variant": "",
                "machine_type": "e2-micro",
                "metadata": {},
                "min_cpu_platform": "",
                "node_group": "",
                "oauth_scopes": [
                  "https://www.googleapis.com/auth/cloud-platform"
                ],
                "preemptible": true,
                "reservation_affinity": [],
                "resource_labels": null,
                "service_account": "gke-service-account-id@molten-snowfall-401102.iam.gserviceaccount.com",
                "shielded_instance_config": [],
                "sole_tenant_config": [],
                "spot": false,
                "tags": null,
                "taint": [],
                "workload_metadata_config": []
              }
            ],
            "node_count": 3,
            "node_locations": [
              "us-east1-b",
              "us-east1-c",
              "us-east1-d"
            ],
            "operation": null,
            "placement_policy": [],
            "project": "molten-snowfall-401102",
            "timeouts": null,
            "upgrade_settings": null,
            "version": null
          },
          "sensitive_attributes": [],
          "private": "eyJlMmJmYjczMC1lY2FhLTExZTYtOGY4OC0zNDM2M2JjN2M0YzAiOnsiY3JlYXRlIjoxODAwMDAwMDAwMDAwLCJkZWxldGUiOjE4MDAwMDAwMDAwMDAsInVwZGF0ZSI6MTgwMDAwMDAwMDAwMH0sInNjaGVtYV92ZXJzaW9uIjoiMSJ9",
          "dependencies": [
            "module.gke.google_container_cluster.primary",
            "module.network.google_compute_network.my-vpc",
            "module.network.google_compute_subnetwork.workload_subnet",
            "module.serviceaccount.google_service_account.gke-sa"
          ]
        }
      ]
    },
    {
      "module": "module.network",
      "mode": "managed",
      "type": "google_compute_firewall",
      "name": "allow-iap-ssh",
      "provider": "provider[\"registry.terraform.io/hashicorp/google\"]",
      "instances": [
        {
          "schema_version": 1,
          "attributes": {
            "allow": [
              {
                "ports": [
                  "22"
                ],
                "protocol": "tcp"
              }
            ],
            "creation_timestamp": "2023-10-20T23:00:51.599-07:00",
            "deny": [],
            "description": "",
            "destination_ranges": [],
            "direction": "INGRESS",
            "disabled": false,
            "enable_logging": null,
            "id": "projects/molten-snowfall-401102/global/firewalls/allow-iap-ssh",
            "log_config": [],
            "name": "allow-iap-ssh",
            "network": "https://www.googleapis.com/compute/v1/projects/molten-snowfall-401102/global/networks/vpc-network",
            "priority": 1000,
            "project": "molten-snowfall-401102",
            "self_link": "https://www.googleapis.com/compute/v1/projects/molten-snowfall-401102/global/firewalls/allow-iap-ssh",
            "source_ranges": [
              "10.0.1.0/24",
              "35.235.240.0/20"
            ],
            "source_service_accounts": null,
            "source_tags": null,
            "target_service_accounts": null,
            "target_tags": null,
            "timeouts": null
          },
          "sensitive_attributes": [],
          "private": "eyJlMmJmYjczMC1lY2FhLTExZTYtOGY4OC0zNDM2M2JjN2M0YzAiOnsiY3JlYXRlIjoxMjAwMDAwMDAwMDAwLCJkZWxldGUiOjEyMDAwMDAwMDAwMDAsInVwZGF0ZSI6MTIwMDAwMDAwMDAwMH0sInNjaGVtYV92ZXJzaW9uIjoiMSJ9",
          "dependencies": [
            "module.network.google_compute_network.my-vpc",
            "module.network.google_compute_subnetwork.managment_subnet"
          ]
        }
      ]
    },
    {
      "module": "module.network",
      "mode": "managed",
      "type": "google_compute_network",
      "name": "my-vpc",
      "provider": "provider[\"registry.terraform.io/hashicorp/google\"]",
      "instances": [
        {
          "schema_version": 0,
          "attributes": {
            "auto_create_subnetworks": false,
            "delete_default_routes_on_create": false,
            "description": "",
            "enable_ula_internal_ipv6": false,
            "gateway_ipv4": "",
            "id": "projects/molten-snowfall-401102/global/networks/vpc-network",
            "internal_ipv6_range": "",
            "mtu": 0,
            "name": "vpc-network",
            "network_firewall_policy_enforcement_order": "AFTER_CLASSIC_FIREWALL",
            "project": "molten-snowfall-401102",
            "routing_mode": "GLOBAL",
            "self_link": "https://www.googleapis.com/compute/v1/projects/molten-snowfall-401102/global/networks/vpc-network",
            "timeouts": null
          },
          "sensitive_attributes": [],
          "private": "eyJlMmJmYjczMC1lY2FhLTExZTYtOGY4OC0zNDM2M2JjN2M0YzAiOnsiY3JlYXRlIjoxMjAwMDAwMDAwMDAwLCJkZWxldGUiOjEyMDAwMDAwMDAwMDAsInVwZGF0ZSI6MTIwMDAwMDAwMDAwMH19"
        }
      ]
    },
    {
      "module": "module.network",
      "mode": "managed",
      "type": "google_compute_router",
      "name": "router",
      "provider": "provider[\"registry.terraform.io/hashicorp/google\"]",
      "instances": [
        {
          "schema_version": 0,
          "attributes": {
            "bgp": [
              {
                "advertise_mode": "DEFAULT",
                "advertised_groups": null,
                "advertised_ip_ranges": [],
                "asn": 64514,
                "keepalive_interval": 20
              }
            ],
            "creation_timestamp": "2023-10-20T23:00:51.548-07:00",
            "description": "",
            "encrypted_interconnect_router": false,
            "id": "projects/molten-snowfall-401102/regions/us-east1/routers/private-router",
            "name": "private-router",
            "network": "https://www.googleapis.com/compute/v1/projects/molten-snowfall-401102/global/networks/vpc-network",
            "project": "molten-snowfall-401102",
            "region": "us-east1",
            "self_link": "https://www.googleapis.com/compute/v1/projects/molten-snowfall-401102/regions/us-east1/routers/private-router",
            "timeouts": null
          },
          "sensitive_attributes": [],
          "private": "eyJlMmJmYjczMC1lY2FhLTExZTYtOGY4OC0zNDM2M2JjN2M0YzAiOnsiY3JlYXRlIjoxMjAwMDAwMDAwMDAwLCJkZWxldGUiOjEyMDAwMDAwMDAwMDAsInVwZGF0ZSI6MTIwMDAwMDAwMDAwMH19",
          "dependencies": [
            "module.network.google_compute_network.my-vpc",
            "module.network.google_compute_subnetwork.managment_subnet"
          ]
        }
      ]
    },
    {
      "module": "module.network",
      "mode": "managed",
      "type": "google_compute_router_nat",
      "name": "nat",
      "provider": "provider[\"registry.terraform.io/hashicorp/google\"]",
      "instances": [
        {
          "schema_version": 0,
          "attributes": {
            "drain_nat_ips": null,
            "enable_dynamic_port_allocation": false,
            "enable_endpoint_independent_mapping": false,
            "icmp_idle_timeout_sec": 30,
            "id": "molten-snowfall-401102/us-east1/private-router/vpc-router-nat",
            "log_config": [
              {
                "enable": true,
                "filter": "ERRORS_ONLY"
              }
            ],
            "max_ports_per_vm": 0,
            "min_ports_per_vm": 0,
            "name": "vpc-router-nat",
            "nat_ip_allocate_option": "AUTO_ONLY",
            "nat_ips": null,
            "project": "molten-snowfall-401102",
            "region": "us-east1",
            "router": "private-router",
            "rules": [],
            "source_subnetwork_ip_ranges_to_nat": "ALL_SUBNETWORKS_ALL_IP_RANGES",
            "subnetwork": [],
            "tcp_established_idle_timeout_sec": 1200,
            "tcp_time_wait_timeout_sec": 120,
            "tcp_transitory_idle_timeout_sec": 30,
            "timeouts": null,
            "udp_idle_timeout_sec": 30
          },
          "sensitive_attributes": [],
          "private": "eyJlMmJmYjczMC1lY2FhLTExZTYtOGY4OC0zNDM2M2JjN2M0YzAiOnsiY3JlYXRlIjoxMjAwMDAwMDAwMDAwLCJkZWxldGUiOjEyMDAwMDAwMDAwMDAsInVwZGF0ZSI6MTIwMDAwMDAwMDAwMH19",
          "dependencies": [
            "module.network.google_compute_network.my-vpc",
            "module.network.google_compute_router.router",
            "module.network.google_compute_subnetwork.managment_subnet"
          ]
        }
      ]
    },
    {
      "module": "module.network",
      "mode": "managed",
      "type": "google_compute_subnetwork",
      "name": "managment_subnet",
      "provider": "provider[\"registry.terraform.io/hashicorp/google\"]",
      "instances": [
        {
          "schema_version": 0,
          "attributes": {
            "creation_timestamp": "2023-10-20T23:00:39.829-07:00",
            "description": "Managment subnet",
            "external_ipv6_prefix": "",
            "fingerprint": null,
            "gateway_address": "10.0.1.1",
            "id": "projects/molten-snowfall-401102/regions/us-east1/subnetworks/managment-subnet",
            "internal_ipv6_prefix": "",
            "ip_cidr_range": "10.0.1.0/24",
            "ipv6_access_type": "",
            "ipv6_cidr_range": "",
            "log_config": [],
            "name": "managment-subnet",
            "network": "https://www.googleapis.com/compute/v1/projects/molten-snowfall-401102/global/networks/vpc-network",
            "private_ip_google_access": true,
            "private_ipv6_google_access": "DISABLE_GOOGLE_ACCESS",
            "project": "molten-snowfall-401102",
            "purpose": "PRIVATE",
            "region": "us-east1",
            "role": "",
            "secondary_ip_range": [],
            "self_link": "https://www.googleapis.com/compute/v1/projects/molten-snowfall-401102/regions/us-east1/subnetworks/managment-subnet",
            "stack_type": "IPV4_ONLY",
            "timeouts": null
          },
          "sensitive_attributes": [],
          "private": "eyJlMmJmYjczMC1lY2FhLTExZTYtOGY4OC0zNDM2M2JjN2M0YzAiOnsiY3JlYXRlIjoxMjAwMDAwMDAwMDAwLCJkZWxldGUiOjEyMDAwMDAwMDAwMDAsInVwZGF0ZSI6MTIwMDAwMDAwMDAwMH19",
          "dependencies": [
            "module.network.google_compute_network.my-vpc"
          ]
        }
      ]
    },
    {
      "module": "module.network",
      "mode": "managed",
      "type": "google_compute_subnetwork",
      "name": "workload_subnet",
      "provider": "provider[\"registry.terraform.io/hashicorp/google\"]",
      "instances": [
        {
          "schema_version": 0,
          "attributes": {
            "creation_timestamp": "2023-10-20T23:00:39.902-07:00",
            "description": "workload subnet for GKE",
            "external_ipv6_prefix": "",
            "fingerprint": null,
            "gateway_address": "10.0.2.1",
            "id": "projects/molten-snowfall-401102/regions/us-east1/subnetworks/workload-subnet",
            "internal_ipv6_prefix": "",
            "ip_cidr_range": "10.0.2.0/24",
            "ipv6_access_type": "",
            "ipv6_cidr_range": "",
            "log_config": [],
            "name": "workload-subnet",
            "network": "https://www.googleapis.com/compute/v1/projects/molten-snowfall-401102/global/networks/vpc-network",
            "private_ip_google_access": true,
            "private_ipv6_google_access": "DISABLE_GOOGLE_ACCESS",
            "project": "molten-snowfall-401102",
            "purpose": "PRIVATE",
            "region": "us-east1",
            "role": "",
            "secondary_ip_range": [],
            "self_link": "https://www.googleapis.com/compute/v1/projects/molten-snowfall-401102/regions/us-east1/subnetworks/workload-subnet",
            "stack_type": "IPV4_ONLY",
            "timeouts": null
          },
          "sensitive_attributes": [],
          "private": "eyJlMmJmYjczMC1lY2FhLTExZTYtOGY4OC0zNDM2M2JjN2M0YzAiOnsiY3JlYXRlIjoxMjAwMDAwMDAwMDAwLCJkZWxldGUiOjEyMDAwMDAwMDAwMDAsInVwZGF0ZSI6MTIwMDAwMDAwMDAwMH19",
          "dependencies": [
            "module.network.google_compute_network.my-vpc"
          ]
        }
      ]
    },
    {
      "module": "module.serviceaccount",
      "mode": "managed",
      "type": "google_project_iam_member",
      "name": "gke_permissions",
      "provider": "provider[\"registry.terraform.io/hashicorp/google\"]",
      "instances": [
        {
          "schema_version": 0,
          "attributes": {
            "condition": [],
            "etag": "BwYIM7RmOPU=",
            "id": "molten-snowfall-401102/roles/container.developer/serviceAccount:artifact-registry@molten-snowfall-401102.iam.gserviceaccount.com",
            "member": "serviceAccount:artifact-registry@molten-snowfall-401102.iam.gserviceaccount.com",
            "project": "molten-snowfall-401102",
            "role": "roles/container.developer"
          },
          "sensitive_attributes": [],
          "private": "bnVsbA==",
          "dependencies": [
            "module.serviceaccount.google_service_account.gke_artifact_sa"
          ]
        }
      ]
    },
    {
      "module": "module.serviceaccount",
      "mode": "managed",
      "type": "google_project_iam_member",
      "name": "member",
      "provider": "provider[\"registry.terraform.io/hashicorp/google\"]",
      "instances": [
        {
          "schema_version": 0,
          "attributes": {
            "condition": [],
            "etag": "BwYIM7RmOPU=",
            "id": "molten-snowfall-401102/roles/container.admin/serviceAccount:gke-service-account-id@molten-snowfall-401102.iam.gserviceaccount.com",
            "member": "serviceAccount:gke-service-account-id@molten-snowfall-401102.iam.gserviceaccount.com",
            "project": "molten-snowfall-401102",
            "role": "roles/container.admin"
          },
          "sensitive_attributes": [],
          "private": "bnVsbA==",
          "dependencies": [
            "module.serviceaccount.google_service_account.gke-sa"
          ]
        }
      ]
    },
    {
      "module": "module.serviceaccount",
      "mode": "managed",
      "type": "google_project_iam_member",
      "name": "pull-image",
      "provider": "provider[\"registry.terraform.io/hashicorp/google\"]",
      "instances": [
        {
          "schema_version": 0,
          "attributes": {
            "condition": [],
            "etag": "BwYIM7RmOPU=",
            "id": "molten-snowfall-401102/roles/artifactregistry.reader/serviceAccount:artifact-registry@molten-snowfall-401102.iam.gserviceaccount.com",
            "member": "serviceAccount:artifact-registry@molten-snowfall-401102.iam.gserviceaccount.com",
            "project": "molten-snowfall-401102",
            "role": "roles/artifactregistry.reader"
          },
          "sensitive_attributes": [],
          "private": "bnVsbA==",
          "dependencies": [
            "module.serviceaccount.google_service_account.gke_artifact_sa"
          ]
        }
      ]
    },
    {
      "module": "module.serviceaccount",
      "mode": "managed",
      "type": "google_project_iam_member",
      "name": "push-image",
      "provider": "provider[\"registry.terraform.io/hashicorp/google\"]",
      "instances": [
        {
          "schema_version": 0,
          "attributes": {
            "condition": [],
            "etag": "BwYIM7RmOPU=",
            "id": "molten-snowfall-401102/roles/artifactregistry.writer/serviceAccount:artifact-registry@molten-snowfall-401102.iam.gserviceaccount.com",
            "member": "serviceAccount:artifact-registry@molten-snowfall-401102.iam.gserviceaccount.com",
            "project": "molten-snowfall-401102",
            "role": "roles/artifactregistry.writer"
          },
          "sensitive_attributes": [],
          "private": "bnVsbA==",
          "dependencies": [
            "module.serviceaccount.google_service_account.gke_artifact_sa"
          ]
        }
      ]
    },
    {
      "module": "module.serviceaccount",
      "mode": "managed",
      "type": "google_service_account",
      "name": "gke-sa",
      "provider": "provider[\"registry.terraform.io/hashicorp/google\"]",
      "instances": [
        {
          "schema_version": 0,
          "attributes": {
            "account_id": "gke-service-account-id",
            "description": "",
            "disabled": false,
            "display_name": "gke-service-account",
            "email": "gke-service-account-id@molten-snowfall-401102.iam.gserviceaccount.com",
            "id": "projects/molten-snowfall-401102/serviceAccounts/gke-service-account-id@molten-snowfall-401102.iam.gserviceaccount.com",
            "member": "serviceAccount:gke-service-account-id@molten-snowfall-401102.iam.gserviceaccount.com",
            "name": "projects/molten-snowfall-401102/serviceAccounts/gke-service-account-id@molten-snowfall-401102.iam.gserviceaccount.com",
            "project": "molten-snowfall-401102",
            "timeouts": null,
            "unique_id": "107951654570797276264"
          },
          "sensitive_attributes": [],
          "private": "eyJlMmJmYjczMC1lY2FhLTExZTYtOGY4OC0zNDM2M2JjN2M0YzAiOnsiY3JlYXRlIjozMDAwMDAwMDAwMDB9fQ=="
        }
      ]
    },
    {
      "module": "module.serviceaccount",
      "mode": "managed",
      "type": "google_service_account",
      "name": "gke_artifact_sa",
      "provider": "provider[\"registry.terraform.io/hashicorp/google\"]",
      "instances": [
        {
          "schema_version": 0,
          "attributes": {
            "account_id": "artifact-registry",
            "description": "",
            "disabled": false,
            "display_name": "Serviceaccount for Artifact Registry",
            "email": "artifact-registry@molten-snowfall-401102.iam.gserviceaccount.com",
            "id": "projects/molten-snowfall-401102/serviceAccounts/artifact-registry@molten-snowfall-401102.iam.gserviceaccount.com",
            "member": "serviceAccount:artifact-registry@molten-snowfall-401102.iam.gserviceaccount.com",
            "name": "projects/molten-snowfall-401102/serviceAccounts/artifact-registry@molten-snowfall-401102.iam.gserviceaccount.com",
            "project": "molten-snowfall-401102",
            "timeouts": null,
            "unique_id": "109974793117885443741"
          },
          "sensitive_attributes": [],
          "private": "eyJlMmJmYjczMC1lY2FhLTExZTYtOGY4OC0zNDM2M2JjN2M0YzAiOnsiY3JlYXRlIjozMDAwMDAwMDAwMDB9fQ=="
        }
      ]
    }
  ],
  "check_results": null
}
